
Microsoft Visual Studio Solution File, Format Version 12.00
# Visual Studio Version 16
VisualStudioVersion = 16.0.28803.202
MinimumVisualStudioVersion = 10.0.40219.1
Project("{FAE04EC0-301F-11D3-BF4B-00C04F79EFBC}") = "Loja", "Loja.csproj", "{0B42C003-6BF9-4F12-A4A5-7FB46D207B4D}"
EndProject
Global
	GlobalSection(SolutionConfigurationPlatforms) = preSolution
		Debug|Any CPU = Debug|Any CPU
		Release|Any CPU = Release|Any CPU
	EndGlobalSection
	GlobalSection(ProjectConfigurationPlatforms) = postSolution
		{0B42C003-6BF9-4F12-A4A5-7FB46D207B4D}.Debug|Any CPU.ActiveCfg = Debug|Any CPU
		{0B42C003-6BF9-4F12-A4A5-7FB46D207B4D}.Debug|Any CPU.Build.0 = Debug|Any CPU
		{0B42C003-6BF9-4F12-A4A5-7FB46D207B4D}.Release|Any CPU.ActiveCfg = Release|Any CPU
		{0B42C003-6BF9-4F12-A4A5-7FB46D207B4D}.Release|Any CPU.Build.0 = Release|Any CPU
	EndGlobalSection
	GlobalSection(SolutionProperties) = preSolution
		HideSolutionNode = FALSE
	EndGlobalSection
	GlobalSection(ExtensibilityGlobals) = postSolution
		SolutionGuid = {8305060E-639D-4B5E-94C4-E09B15BBC213}
	EndGlobalSection
EndGlobal
